// !$*UTF8*$!
{
	archiveVersion = 1;
	classes = {
	};
	objectVersion = 55;
	objects = {

/* Begin PBXBuildFile section */
		FFF4275D27E0B9510083995E /* AppDelegate.swift in Sources */ = {isa = PBXBuildFile; fileRef = FFF4275C27E0B9510083995E /* AppDelegate.swift */; };
		FFF4275F27E0B9510083995E /* SceneDelegate.swift in Sources */ = {isa = PBXBuildFile; fileRef = FFF4275E27E0B9510083995E /* SceneDelegate.swift */; };
		FFF4277827E0BA9D0083995E /* DeviceListView.swift in Sources */ = {isa = PBXBuildFile; fileRef = FFF4277427E0BA9D0083995E /* DeviceListView.swift */; };
		FFF4277927E0BA9D0083995E /* DeviceListViewController.swift in Sources */ = {isa = PBXBuildFile; fileRef = FFF4277527E0BA9D0083995E /* DeviceListViewController.swift */; };
		FFF4277A27E0BA9D0083995E /* DeviceListTableViewManager.swift in Sources */ = {isa = PBXBuildFile; fileRef = FFF4277627E0BA9D0083995E /* DeviceListTableViewManager.swift */; };
		FFF4277B27E0BA9D0083995E /* DeviceTableViewCell.swift in Sources */ = {isa = PBXBuildFile; fileRef = FFF4277727E0BA9D0083995E /* DeviceTableViewCell.swift */; };
		FFF4277E27E0BAA40083995E /* Assets.xcassets in Resources */ = {isa = PBXBuildFile; fileRef = FFF4277C27E0BAA40083995E /* Assets.xcassets */; };
		FFF4277F27E0BAA40083995E /* Asset.swift in Sources */ = {isa = PBXBuildFile; fileRef = FFF4277D27E0BAA40083995E /* Asset.swift */; };
		FFF4278227E0BAAA0083995E /* UIImage+Extension.swift in Sources */ = {isa = PBXBuildFile; fileRef = FFF4278027E0BAAA0083995E /* UIImage+Extension.swift */; };
		FFF4278327E0BAAA0083995E /* UIView+Extension.swift in Sources */ = {isa = PBXBuildFile; fileRef = FFF4278127E0BAAA0083995E /* UIView+Extension.swift */; };
		FFF4278727E0BAB30083995E /* GetPreviousDeviceListService.swift in Sources */ = {isa = PBXBuildFile; fileRef = FFF4278427E0BAB30083995E /* GetPreviousDeviceListService.swift */; };
		FFF4278827E0BAB30083995E /* SaveDeviceListService.swift in Sources */ = {isa = PBXBuildFile; fileRef = FFF4278527E0BAB30083995E /* SaveDeviceListService.swift */; };
		FFF4278927E0BAB30083995E /* DownloadDeviceListService.swift in Sources */ = {isa = PBXBuildFile; fileRef = FFF4278627E0BAB30083995E /* DownloadDeviceListService.swift */; };
		FFF4278C27E0BADB0083995E /* SnapKit in Frameworks */ = {isa = PBXBuildFile; productRef = FFF4278B27E0BADB0083995E /* SnapKit */; };
		FFF4278E27E0BB010083995E /* Device.swift in Sources */ = {isa = PBXBuildFile; fileRef = FFF4278D27E0BB010083995E /* Device.swift */; };
		FFF4279027E0BB200083995E /* AppConstants.swift in Sources */ = {isa = PBXBuildFile; fileRef = FFF4278F27E0BB200083995E /* AppConstants.swift */; };
/* End PBXBuildFile section */

/* Begin PBXFileReference section */
		FFF4275927E0B9510083995E /* synetech.app */ = {isa = PBXFileReference; explicitFileType = wrapper.application; includeInIndex = 0; path = synetech.app; sourceTree = BUILT_PRODUCTS_DIR; };
		FFF4275C27E0B9510083995E /* AppDelegate.swift */ = {isa = PBXFileReference; lastKnownFileType = sourcecode.swift; path = AppDelegate.swift; sourceTree = "<group>"; };
		FFF4275E27E0B9510083995E /* SceneDelegate.swift */ = {isa = PBXFileReference; lastKnownFileType = sourcecode.swift; path = SceneDelegate.swift; sourceTree = "<group>"; };
		FFF4276A27E0B9520083995E /* Info.plist */ = {isa = PBXFileReference; lastKnownFileType = text.plist.xml; path = Info.plist; sourceTree = "<group>"; };
		FFF4277427E0BA9D0083995E /* DeviceListView.swift */ = {isa = PBXFileReference; fileEncoding = 4; lastKnownFileType = sourcecode.swift; path = DeviceListView.swift; sourceTree = "<group>"; };
		FFF4277527E0BA9D0083995E /* DeviceListViewController.swift */ = {isa = PBXFileReference; fileEncoding = 4; lastKnownFileType = sourcecode.swift; path = DeviceListViewController.swift; sourceTree = "<group>"; };
		FFF4277627E0BA9D0083995E /* DeviceListTableViewManager.swift */ = {isa = PBXFileReference; fileEncoding = 4; lastKnownFileType = sourcecode.swift; path = DeviceListTableViewManager.swift; sourceTree = "<group>"; };
		FFF4277727E0BA9D0083995E /* DeviceTableViewCell.swift */ = {isa = PBXFileReference; fileEncoding = 4; lastKnownFileType = sourcecode.swift; path = DeviceTableViewCell.swift; sourceTree = "<group>"; };
		FFF4277C27E0BAA40083995E /* Assets.xcassets */ = {isa = PBXFileReference; lastKnownFileType = folder.assetcatalog; path = Assets.xcassets; sourceTree = "<group>"; };
		FFF4277D27E0BAA40083995E /* Asset.swift */ = {isa = PBXFileReference; fileEncoding = 4; lastKnownFileType = sourcecode.swift; path = Asset.swift; sourceTree = "<group>"; };
		FFF4278027E0BAAA0083995E /* UIImage+Extension.swift */ = {isa = PBXFileReference; fileEncoding = 4; lastKnownFileType = sourcecode.swift; path = "UIImage+Extension.swift"; sourceTree = "<group>"; };
		FFF4278127E0BAAA0083995E /* UIView+Extension.swift */ = {isa = PBXFileReference; fileEncoding = 4; lastKnownFileType = sourcecode.swift; path = "UIView+Extension.swift"; sourceTree = "<group>"; };
		FFF4278427E0BAB30083995E /* GetPreviousDeviceListService.swift */ = {isa = PBXFileReference; fileEncoding = 4; lastKnownFileType = sourcecode.swift; path = GetPreviousDeviceListService.swift; sourceTree = "<group>"; };
		FFF4278527E0BAB30083995E /* SaveDeviceListService.swift */ = {isa = PBXFileReference; fileEncoding = 4; lastKnownFileType = sourcecode.swift; path = SaveDeviceListService.swift; sourceTree = "<group>"; };
		FFF4278627E0BAB30083995E /* DownloadDeviceListService.swift */ = {isa = PBXFileReference; fileEncoding = 4; lastKnownFileType = sourcecode.swift; path = DownloadDeviceListService.swift; sourceTree = "<group>"; };
		FFF4278D27E0BB010083995E /* Device.swift */ = {isa = PBXFileReference; fileEncoding = 4; lastKnownFileType = sourcecode.swift; path = Device.swift; sourceTree = "<group>"; };
		FFF4278F27E0BB200083995E /* AppConstants.swift */ = {isa = PBXFileReference; fileEncoding = 4; lastKnownFileType = sourcecode.swift; path = AppConstants.swift; sourceTree = "<group>"; };
/* End PBXFileReference section */

/* Begin PBXFrameworksBuildPhase section */
		FFF4275627E0B9510083995E /* Frameworks */ = {
			isa = PBXFrameworksBuildPhase;
			buildActionMask = 2147483647;
			files = (
				FFF4278C27E0BADB0083995E /* SnapKit in Frameworks */,
			);
			runOnlyForDeploymentPostprocessing = 0;
		};
/* End PBXFrameworksBuildPhase section */

/* Begin PBXGroup section */
		FFF4275027E0B9510083995E = {
			isa = PBXGroup;
			children = (
				FFF4275B27E0B9510083995E /* synetech */,
				FFF4275A27E0B9510083995E /* Products */,
			);
			sourceTree = "<group>";
		};
		FFF4275A27E0B9510083995E /* Products */ = {
			isa = PBXGroup;
			children = (
				FFF4275927E0B9510083995E /* synetech.app */,
			);
			name = Products;
			sourceTree = "<group>";
		};
		FFF4275B27E0B9510083995E /* synetech */ = {
			isa = PBXGroup;
			children = (
				FFF4278F27E0BB200083995E /* AppConstants.swift */,
				FFF4278D27E0BB010083995E /* Device.swift */,
				FFF4277327E0B9A30083995E /* Services */,
				FFF4277227E0B9970083995E /* DeviceListViewController */,
				FFF4277127E0B9810083995E /* Assets */,
				FFF4277027E0B9760083995E /* Extensions */,
				FFF4275C27E0B9510083995E /* AppDelegate.swift */,
				FFF4275E27E0B9510083995E /* SceneDelegate.swift */,
				FFF4276A27E0B9520083995E /* Info.plist */,
			);
			path = synetech;
			sourceTree = "<group>";
		};
		FFF4277027E0B9760083995E /* Extensions */ = {
			isa = PBXGroup;
			children = (
				FFF4278027E0BAAA0083995E /* UIImage+Extension.swift */,
				FFF4278127E0BAAA0083995E /* UIView+Extension.swift */,
			);
			path = Extensions;
			sourceTree = "<group>";
		};
		FFF4277127E0B9810083995E /* Assets */ = {
			isa = PBXGroup;
			children = (
				FFF4277D27E0BAA40083995E /* Asset.swift */,
				FFF4277C27E0BAA40083995E /* Assets.xcassets */,
			);
			path = Assets;
			sourceTree = "<group>";
		};
		FFF4277227E0B9970083995E /* DeviceListViewController */ = {
			isa = PBXGroup;
			children = (
				FFF4277627E0BA9D0083995E /* DeviceListTableViewManager.swift */,
				FFF4277427E0BA9D0083995E /* DeviceListView.swift */,
				FFF4277527E0BA9D0083995E /* DeviceListViewController.swift */,
				FFF4277727E0BA9D0083995E /* DeviceTableViewCell.swift */,
			);
			path = DeviceListViewController;
			sourceTree = "<group>";
		};
		FFF4277327E0B9A30083995E /* Services */ = {
			isa = PBXGroup;
			children = (
				FFF4278627E0BAB30083995E /* DownloadDeviceListService.swift */,
				FFF4278427E0BAB30083995E /* GetPreviousDeviceListService.swift */,
				FFF4278527E0BAB30083995E /* SaveDeviceListService.swift */,
			);
			path = Services;
			sourceTree = "<group>";
		};
/* End PBXGroup section */

/* Begin PBXNativeTarget section */
		FFF4275827E0B9510083995E /* synetech */ = {
			isa = PBXNativeTarget;
			buildConfigurationList = FFF4276D27E0B9520083995E /* Build configuration list for PBXNativeTarget "synetech" */;
			buildPhases = (
				FFF4275527E0B9510083995E /* Sources */,
				FFF4275627E0B9510083995E /* Frameworks */,
				FFF4275727E0B9510083995E /* Resources */,
			);
			buildRules = (
			);
			dependencies = (
			);
			name = synetech;
			packageProductDependencies = (
				FFF4278B27E0BADB0083995E /* SnapKit */,
			);
			productName = synetech;
			productReference = FFF4275927E0B9510083995E /* synetech.app */;
			productType = "com.apple.product-type.application";
		};
/* End PBXNativeTarget section */

/* Begin PBXProject section */
		FFF4275127E0B9510083995E /* Project object */ = {
			isa = PBXProject;
			attributes = {
				BuildIndependentTargetsInParallel = 1;
				LastSwiftUpdateCheck = 1320;
				LastUpgradeCheck = 1320;
				TargetAttributes = {
					FFF4275827E0B9510083995E = {
						CreatedOnToolsVersion = 13.2.1;
					};
				};
			};
			buildConfigurationList = FFF4275427E0B9510083995E /* Build configuration list for PBXProject "synetech" */;
			compatibilityVersion = "Xcode 13.0";
			developmentRegion = en;
			hasScannedForEncodings = 0;
			knownRegions = (
				en,
				Base,
			);
			mainGroup = FFF4275027E0B9510083995E;
			packageReferences = (
				FFF4278A27E0BADB0083995E /* XCRemoteSwiftPackageReference "SnapKit" */,
			);
			productRefGroup = FFF4275A27E0B9510083995E /* Products */;
			projectDirPath = "";
			projectRoot = "";
			targets = (
				FFF4275827E0B9510083995E /* synetech */,
			);
		};
/* End PBXProject section */

/* Begin PBXResourcesBuildPhase section */
		FFF4275727E0B9510083995E /* Resources */ = {
			isa = PBXResourcesBuildPhase;
			buildActionMask = 2147483647;
			files = (
				FFF4277E27E0BAA40083995E /* Assets.xcassets in Resources */,
			);
			runOnlyForDeploymentPostprocessing = 0;
		};
/* End PBXResourcesBuildPhase section */

/* Begin PBXSourcesBuildPhase section */
		FFF4275527E0B9510083995E /* Sources */ = {
			isa = PBXSourcesBuildPhase;
			buildActionMask = 2147483647;
			files = (
				FFF4278E27E0BB010083995E /* Device.swift in Sources */,
				FFF4277927E0BA9D0083995E /* DeviceListViewController.swift in Sources */,
				FFF4278827E0BAB30083995E /* SaveDeviceListService.swift in Sources */,
				FFF4277A27E0BA9D0083995E /* DeviceListTableViewManager.swift in Sources */,
				FFF4278227E0BAAA0083995E /* UIImage+Extension.swift in Sources */,
				FFF4275D27E0B9510083995E /* AppDelegate.swift in Sources */,
				FFF4277827E0BA9D0083995E /* DeviceListView.swift in Sources */,
				FFF4278927E0BAB30083995E /* DownloadDeviceListService.swift in Sources */,
				FFF4275F27E0B9510083995E /* SceneDelegate.swift in Sources */,
				FFF4277F27E0BAA40083995E /* Asset.swift in Sources */,
				FFF4278727E0BAB30083995E /* GetPreviousDeviceListService.swift in Sources */,
				FFF4279027E0BB200083995E /* AppConstants.swift in Sources */,
				FFF4278327E0BAAA0083995E /* UIView+Extension.swift in Sources */,
				FFF4277B27E0BA9D0083995E /* DeviceTableViewCell.swift in Sources */,
			);
			runOnlyForDeploymentPostprocessing = 0;
		};
/* End PBXSourcesBuildPhase section */

/* Begin XCBuildConfiguration section */
		FFF4276B27E0B9520083995E /* Debug */ = {
			isa = XCBuildConfiguration;
			buildSettings = {
				ALWAYS_SEARCH_USER_PATHS = NO;
				CLANG_ANALYZER_NONNULL = YES;
				CLANG_ANALYZER_NUMBER_OBJECT_CONVERSION = YES_AGGRESSIVE;
				CLANG_CXX_LANGUAGE_STANDARD = "gnu++17";
				CLANG_CXX_LIBRARY = "libc++";
				CLANG_ENABLE_MODULES = YES;
				CLANG_ENABLE_OBJC_ARC = YES;
				CLANG_ENABLE_OBJC_WEAK = YES;
				CLANG_WARN_BLOCK_CAPTURE_AUTORELEASING = YES;
				CLANG_WARN_BOOL_CONVERSION = YES;
				CLANG_WARN_COMMA = YES;
				CLANG_WARN_CONSTANT_CONVERSION = YES;
				CLANG_WARN_DEPRECATED_OBJC_IMPLEMENTATIONS = YES;
				CLANG_WARN_DIRECT_OBJC_ISA_USAGE = YES_ERROR;
				CLANG_WARN_DOCUMENTATION_COMMENTS = YES;
				CLANG_WARN_EMPTY_BODY = YES;
				CLANG_WARN_ENUM_CONVERSION = YES;
				CLANG_WARN_INFINITE_RECURSION = YES;
				CLANG_WARN_INT_CONVERSION = YES;
				CLANG_WARN_NON_LITERAL_NULL_CONVERSION = YES;
				CLANG_WARN_OBJC_IMPLICIT_RETAIN_SELF = YES;
				CLANG_WARN_OBJC_LITERAL_CONVERSION = YES;
				CLANG_WARN_OBJC_ROOT_CLASS = YES_ERROR;
				CLANG_WARN_QUOTED_INCLUDE_IN_FRAMEWORK_HEADER = YES;
				CLANG_WARN_RANGE_LOOP_ANALYSIS = YES;
				CLANG_WARN_STRICT_PROTOTYPES = YES;
				CLANG_WARN_SUSPICIOUS_MOVE = YES;
				CLANG_WARN_UNGUARDED_AVAILABILITY = YES_AGGRESSIVE;
				CLANG_WARN_UNREACHABLE_CODE = YES;
				CLANG_WARN__DUPLICATE_METHOD_MATCH = YES;
				COPY_PHASE_STRIP = NO;
				DEBUG_INFORMATION_FORMAT = dwarf;
				ENABLE_STRICT_OBJC_MSGSEND = YES;
				ENABLE_TESTABILITY = YES;
				GCC_C_LANGUAGE_STANDARD = gnu11;
				GCC_DYNAMIC_NO_PIC = NO;
				GCC_NO_COMMON_BLOCKS = YES;
				GCC_OPTIMIZATION_LEVEL = 0;
				GCC_PREPROCESSOR_DEFINITIONS = (
					"DEBUG=1",
					"$(inherited)",
				);
				GCC_WARN_64_TO_32_BIT_CONVERSION = YES;
				GCC_WARN_ABOUT_RETURN_TYPE = YES_ERROR;
				GCC_WARN_UNDECLARED_SELECTOR = YES;
				GCC_WARN_UNINITIALIZED_AUTOS = YES_AGGRESSIVE;
				GCC_WARN_UNUSED_FUNCTION = YES;
				GCC_WARN_UNUSED_VARIABLE = YES;
				IPHONEOS_DEPLOYMENT_TARGET = 15.2;
				MTL_ENABLE_DEBUG_INFO = INCLUDE_SOURCE;
				MTL_FAST_MATH = YES;
				ONLY_ACTIVE_ARCH = YES;
				SDKROOT = iphoneos;
				SWIFT_ACTIVE_COMPILATION_CONDITIONS = DEBUG;
				SWIFT_OPTIMIZATION_LEVEL = "-Onone";
			};
			name = Debug;
		};
		FFF4276C27E0B9520083995E /* Release */ = {
			isa = XCBuildConfiguration;
			buildSettings = {
				ALWAYS_SEARCH_USER_PATHS = NO;
				CLANG_ANALYZER_NONNULL = YES;
				CLANG_ANALYZER_NUMBER_OBJECT_CONVERSION = YES_AGGRESSIVE;
				CLANG_CXX_LANGUAGE_STANDARD = "gnu++17";
				CLANG_CXX_LIBRARY = "libc++";
				CLANG_ENABLE_MODULES = YES;
				CLANG_ENABLE_OBJC_ARC = YES;
				CLANG_ENABLE_OBJC_WEAK = YES;
				CLANG_WARN_BLOCK_CAPTURE_AUTORELEASING = YES;
				CLANG_WARN_BOOL_CONVERSION = YES;
				CLANG_WARN_COMMA = YES;
				CLANG_WARN_CONSTANT_CONVERSION = YES;
				CLANG_WARN_DEPRECATED_OBJC_IMPLEMENTATIONS = YES;
				CLANG_WARN_DIRECT_OBJC_ISA_USAGE = YES_ERROR;
				CLANG_WARN_DOCUMENTATION_COMMENTS = YES;
				CLANG_WARN_EMPTY_BODY = YES;
				CLANG_WARN_ENUM_CONVERSION = YES;
				CLANG_WARN_INFINITE_RECURSION = YES;
				CLANG_WARN_INT_CONVERSION = YES;
				CLANG_WARN_NON_LITERAL_NULL_CONVERSION = YES;
				CLANG_WARN_OBJC_IMPLICIT_RETAIN_SELF = YES;
				CLANG_WARN_OBJC_LITERAL_CONVERSION = YES;
				CLANG_WARN_OBJC_ROOT_CLASS = YES_ERROR;
				CLANG_WARN_QUOTED_INCLUDE_IN_FRAMEWORK_HEADER = YES;
				CLANG_WARN_RANGE_LOOP_ANALYSIS = YES;
				CLANG_WARN_STRICT_PROTOTYPES = YES;
				CLANG_WARN_SUSPICIOUS_MOVE = YES;
				CLANG_WARN_UNGUARDED_AVAILABILITY = YES_AGGRESSIVE;
				CLANG_WARN_UNREACHABLE_CODE = YES;
				CLANG_WARN__DUPLICATE_METHOD_MATCH = YES;
				COPY_PHASE_STRIP = NO;
				DEBUG_INFORMATION_FORMAT = "dwarf-with-dsym";
				ENABLE_NS_ASSERTIONS = NO;
				ENABLE_STRICT_OBJC_MSGSEND = YES;
				GCC_C_LANGUAGE_STANDARD = gnu11;
				GCC_NO_COMMON_BLOCKS = YES;
				GCC_WARN_64_TO_32_BIT_CONVERSION = YES;
				GCC_WARN_ABOUT_RETURN_TYPE = YES_ERROR;
				GCC_WARN_UNDECLARED_SELECTOR = YES;
				GCC_WARN_UNINITIALIZED_AUTOS = YES_AGGRESSIVE;
				GCC_WARN_UNUSED_FUNCTION = YES;
				GCC_WARN_UNUSED_VARIABLE = YES;
				IPHONEOS_DEPLOYMENT_TARGET = 15.2;
				MTL_ENABLE_DEBUG_INFO = NO;
				MTL_FAST_MATH = YES;
				SDKROOT = iphoneos;
				SWIFT_COMPILATION_MODE = wholemodule;
				SWIFT_OPTIMIZATION_LEVEL = "-O";
				VALIDATE_PRODUCT = YES;
			};
			name = Release;
		};
		FFF4276E27E0B9520083995E /* Debug */ = {
			isa = XCBuildConfiguration;
			buildSettings = {
				ASSETCATALOG_COMPILER_APPICON_NAME = AppIcon;
				ASSETCATALOG_COMPILER_GLOBAL_ACCENT_COLOR_NAME = AccentColor;
				CODE_SIGN_STYLE = Automatic;
				CURRENT_PROJECT_VERSION = 1;
				DEVELOPMENT_TEAM = 692WP484NX;
				GENERATE_INFOPLIST_FILE = YES;
				INFOPLIST_FILE = synetech/Info.plist;
				INFOPLIST_KEY_UIApplicationSupportsIndirectInputEvents = YES;
				INFOPLIST_KEY_UILaunchScreen_Generation = YES;
				INFOPLIST_KEY_UISupportedInterfaceOrientations = UIInterfaceOrientationPortrait;
				INFOPLIST_KEY_UISupportedInterfaceOrientations_iPad = "UIInterfaceOrientationPortrait UIInterfaceOrientationPortraitUpsideDown UIInterfaceOrientationLandscapeLeft UIInterfaceOrientationLandscapeRight";
				INFOPLIST_KEY_UISupportedInterfaceOrientations_iPhone = "UIInterfaceOrientationPortrait UIInterfaceOrientationLandscapeLeft UIInterfaceOrientationLandscapeRight";
				LD_RUNPATH_SEARCH_PATHS = (
					"$(inherited)",
					"@executable_path/Frameworks",
				);
				MARKETING_VERSION = 1.0;
				PRODUCT_BUNDLE_IDENTIFIER = cz.patrikhora.synetech;
				PRODUCT_NAME = "$(TARGET_NAME)";
				SWIFT_EMIT_LOC_STRINGS = YES;
				SWIFT_VERSION = 5.0;
				TARGETED_DEVICE_FAMILY = "1,2";
			};
			name = Debug;
		};
		FFF4276F27E0B9520083995E /* Release */ = {
			isa = XCBuildConfiguration;
			buildSettings = {
				ASSETCATALOG_COMPILER_APPICON_NAME = AppIcon;
				ASSETCATALOG_COMPILER_GLOBAL_ACCENT_COLOR_NAME = AccentColor;
				CODE_SIGN_STYLE = Automatic;
				CURRENT_PROJECT_VERSION = 1;
				DEVELOPMENT_TEAM = 692WP484NX;
				GENERATE_INFOPLIST_FILE = YES;
				INFOPLIST_FILE = synetech/Info.plist;
				INFOPLIST_KEY_UIApplicationSupportsIndirectInputEvents = YES;
				INFOPLIST_KEY_UILaunchScreen_Generation = YES;
				INFOPLIST_KEY_UISupportedInterfaceOrientations = UIInterfaceOrientationPortrait;
				INFOPLIST_KEY_UISupportedInterfaceOrientations_iPad = "UIInterfaceOrientationPortrait UIInterfaceOrientationPortraitUpsideDown UIInterfaceOrientationLandscapeLeft UIInterfaceOrientationLandscapeRight";
				INFOPLIST_KEY_UISupportedInterfaceOrientations_iPhone = "UIInterfaceOrientationPortrait UIInterfaceOrientationLandscapeLeft UIInterfaceOrientationLandscapeRight";
				LD_RUNPATH_SEARCH_PATHS = (
					"$(inherited)",
					"@executable_path/Frameworks",
				);
				MARKETING_VERSION = 1.0;
				PRODUCT_BUNDLE_IDENTIFIER = cz.patrikhora.synetech;
				PRODUCT_NAME = "$(TARGET_NAME)";
				SWIFT_EMIT_LOC_STRINGS = YES;
				SWIFT_VERSION = 5.0;
				TARGETED_DEVICE_FAMILY = "1,2";
			};
			name = Release;
		};
/* End XCBuildConfiguration section */

/* Begin XCConfigurationList section */
		FFF4275427E0B9510083995E /* Build configuration list for PBXProject "synetech" */ = {
			isa = XCConfigurationList;
			buildConfigurations = (
				FFF4276B27E0B9520083995E /* Debug */,
				FFF4276C27E0B9520083995E /* Release */,
			);
			defaultConfigurationIsVisible = 0;
			defaultConfigurationName = Release;
		};
		FFF4276D27E0B9520083995E /* Build configuration list for PBXNativeTarget "synetech" */ = {
			isa = XCConfigurationList;
			buildConfigurations = (
				FFF4276E27E0B9520083995E /* Debug */,
				FFF4276F27E0B9520083995E /* Release */,
			);
			defaultConfigurationIsVisible = 0;
			defaultConfigurationName = Release;
		};
/* End XCConfigurationList section */

/* Begin XCRemoteSwiftPackageReference section */
		FFF4278A27E0BADB0083995E /* XCRemoteSwiftPackageReference "SnapKit" */ = {
			isa = XCRemoteSwiftPackageReference;
			repositoryURL = "https://github.com/SnapKit/SnapKit";
			requirement = {
				kind = upToNextMajorVersion;
				minimumVersion = 5.0.0;
			};
		};
/* End XCRemoteSwiftPackageReference section */

/* Begin XCSwiftPackageProductDependency section */
		FFF4278B27E0BADB0083995E /* SnapKit */ = {
			isa = XCSwiftPackageProductDependency;
			package = FFF4278A27E0BADB0083995E /* XCRemoteSwiftPackageReference "SnapKit" */;
			productName = SnapKit;
		};
/* End XCSwiftPackageProductDependency section */
	};
	rootObject = FFF4275127E0B9510083995E /* Project object */;
}
