// !$*UTF8*$!
{
	archiveVersion = 1;
	classes = {
	};
	objectVersion = 55;
	objects = {

/* Begin PBXBuildFile section */
		FF3D708A27E0A242009DA80A /* Device.swift in Sources */ = {isa = PBXBuildFile; fileRef = FF3D708927E0A242009DA80A /* Device.swift */; };
		FF3D709B27E0A342009DA80A /* UIView+Extension.swift in Sources */ = {isa = PBXBuildFile; fileRef = FF3D709927E0A342009DA80A /* UIView+Extension.swift */; };
		FF3D709C27E0A342009DA80A /* UIImage+Extension.swift in Sources */ = {isa = PBXBuildFile; fileRef = FF3D709A27E0A342009DA80A /* UIImage+Extension.swift */; };
		FF3D70A227E0A389009DA80A /* Asset.swift in Sources */ = {isa = PBXBuildFile; fileRef = FF3D70A127E0A389009DA80A /* Asset.swift */; };
		FF3D70A427E0A3A5009DA80A /* Assets.xcassets in Resources */ = {isa = PBXBuildFile; fileRef = FF3D70A327E0A3A5009DA80A /* Assets.xcassets */; };
		FF3D70AA27E0A400009DA80A /* DeviceListViewController.swift in Sources */ = {isa = PBXBuildFile; fileRef = FF3D70A627E0A400009DA80A /* DeviceListViewController.swift */; };
		FF3D70AB27E0A400009DA80A /* DeviceListTableViewManager.swift in Sources */ = {isa = PBXBuildFile; fileRef = FF3D70A727E0A400009DA80A /* DeviceListTableViewManager.swift */; };
		FF3D70AC27E0A400009DA80A /* DeviceListView.swift in Sources */ = {isa = PBXBuildFile; fileRef = FF3D70A827E0A400009DA80A /* DeviceListView.swift */; };
		FF3D70AD27E0A400009DA80A /* DeviceTableViewCell.swift in Sources */ = {isa = PBXBuildFile; fileRef = FF3D70A927E0A400009DA80A /* DeviceTableViewCell.swift */; };
		FF3D70B127E0A45F009DA80A /* SceneDelegate.swift in Sources */ = {isa = PBXBuildFile; fileRef = FF3D70AF27E0A45F009DA80A /* SceneDelegate.swift */; };
		FF3D70B227E0A45F009DA80A /* AppDelegate.swift in Sources */ = {isa = PBXBuildFile; fileRef = FF3D70B027E0A45F009DA80A /* AppDelegate.swift */; };
		FF3D70B727E0A47A009DA80A /* DownloadDeviceListService.swift in Sources */ = {isa = PBXBuildFile; fileRef = FF3D70B427E0A47A009DA80A /* DownloadDeviceListService.swift */; };
		FF3D70B827E0A47A009DA80A /* SaveDeviceListService.swift in Sources */ = {isa = PBXBuildFile; fileRef = FF3D70B527E0A47A009DA80A /* SaveDeviceListService.swift */; };
		FF3D70B927E0A47A009DA80A /* GetPreviousDeviceListService.swift in Sources */ = {isa = PBXBuildFile; fileRef = FF3D70B627E0A47A009DA80A /* GetPreviousDeviceListService.swift */; };
		FF3D70BB27E0A528009DA80A /* AppConstants.swift in Sources */ = {isa = PBXBuildFile; fileRef = FF3D70BA27E0A528009DA80A /* AppConstants.swift */; };
		FF3D70C027E0A577009DA80A /* SnapKit.xcframework in Frameworks */ = {isa = PBXBuildFile; fileRef = FF3D70BF27E0A577009DA80A /* SnapKit.xcframework */; };
		FF3D70C127E0A577009DA80A /* SnapKit.xcframework in Embed Frameworks */ = {isa = PBXBuildFile; fileRef = FF3D70BF27E0A577009DA80A /* SnapKit.xcframework */; settings = {ATTRIBUTES = (CodeSignOnCopy, RemoveHeadersOnCopy, ); }; };
/* End PBXBuildFile section */

/* Begin PBXCopyFilesBuildPhase section */
		FF3D70C227E0A577009DA80A /* Embed Frameworks */ = {
			isa = PBXCopyFilesBuildPhase;
			buildActionMask = 2147483647;
			dstPath = "";
			dstSubfolderSpec = 10;
			files = (
				FF3D70C127E0A577009DA80A /* SnapKit.xcframework in Embed Frameworks */,
			);
			name = "Embed Frameworks";
			runOnlyForDeploymentPostprocessing = 0;
		};
/* End PBXCopyFilesBuildPhase section */

/* Begin PBXFileReference section */
		FF3D708927E0A242009DA80A /* Device.swift */ = {isa = PBXFileReference; fileEncoding = 4; lastKnownFileType = sourcecode.swift; path = Device.swift; sourceTree = "<group>"; };
		FF3D709927E0A342009DA80A /* UIView+Extension.swift */ = {isa = PBXFileReference; fileEncoding = 4; lastKnownFileType = sourcecode.swift; path = "UIView+Extension.swift"; sourceTree = "<group>"; };
		FF3D709A27E0A342009DA80A /* UIImage+Extension.swift */ = {isa = PBXFileReference; fileEncoding = 4; lastKnownFileType = sourcecode.swift; path = "UIImage+Extension.swift"; sourceTree = "<group>"; };
		FF3D70A127E0A389009DA80A /* Asset.swift */ = {isa = PBXFileReference; lastKnownFileType = sourcecode.swift; path = Asset.swift; sourceTree = "<group>"; };
		FF3D70A327E0A3A5009DA80A /* Assets.xcassets */ = {isa = PBXFileReference; lastKnownFileType = folder.assetcatalog; path = Assets.xcassets; sourceTree = "<group>"; };
		FF3D70A627E0A400009DA80A /* DeviceListViewController.swift */ = {isa = PBXFileReference; fileEncoding = 4; lastKnownFileType = sourcecode.swift; path = DeviceListViewController.swift; sourceTree = "<group>"; };
		FF3D70A727E0A400009DA80A /* DeviceListTableViewManager.swift */ = {isa = PBXFileReference; fileEncoding = 4; lastKnownFileType = sourcecode.swift; path = DeviceListTableViewManager.swift; sourceTree = "<group>"; };
		FF3D70A827E0A400009DA80A /* DeviceListView.swift */ = {isa = PBXFileReference; fileEncoding = 4; lastKnownFileType = sourcecode.swift; path = DeviceListView.swift; sourceTree = "<group>"; };
		FF3D70A927E0A400009DA80A /* DeviceTableViewCell.swift */ = {isa = PBXFileReference; fileEncoding = 4; lastKnownFileType = sourcecode.swift; path = DeviceTableViewCell.swift; sourceTree = "<group>"; };
		FF3D70AF27E0A45F009DA80A /* SceneDelegate.swift */ = {isa = PBXFileReference; fileEncoding = 4; lastKnownFileType = sourcecode.swift; path = SceneDelegate.swift; sourceTree = "<group>"; };
		FF3D70B027E0A45F009DA80A /* AppDelegate.swift */ = {isa = PBXFileReference; fileEncoding = 4; lastKnownFileType = sourcecode.swift; path = AppDelegate.swift; sourceTree = "<group>"; };
		FF3D70B427E0A47A009DA80A /* DownloadDeviceListService.swift */ = {isa = PBXFileReference; fileEncoding = 4; lastKnownFileType = sourcecode.swift; path = DownloadDeviceListService.swift; sourceTree = "<group>"; };
		FF3D70B527E0A47A009DA80A /* SaveDeviceListService.swift */ = {isa = PBXFileReference; fileEncoding = 4; lastKnownFileType = sourcecode.swift; path = SaveDeviceListService.swift; sourceTree = "<group>"; };
		FF3D70B627E0A47A009DA80A /* GetPreviousDeviceListService.swift */ = {isa = PBXFileReference; fileEncoding = 4; lastKnownFileType = sourcecode.swift; path = GetPreviousDeviceListService.swift; sourceTree = "<group>"; };
		FF3D70BA27E0A528009DA80A /* AppConstants.swift */ = {isa = PBXFileReference; fileEncoding = 4; lastKnownFileType = sourcecode.swift; path = AppConstants.swift; sourceTree = "<group>"; };
		FF3D70BC27E0A52F009DA80A /* Info.plist */ = {isa = PBXFileReference; fileEncoding = 4; lastKnownFileType = text.plist.xml; path = Info.plist; sourceTree = "<group>"; };
		FF3D70BF27E0A577009DA80A /* SnapKit.xcframework */ = {isa = PBXFileReference; lastKnownFileType = wrapper.xcframework; name = SnapKit.xcframework; path = Carthage/Build/SnapKit.xcframework; sourceTree = "<group>"; };
		FFE9EBD627DCD86D00870BBA /* synetech.app */ = {isa = PBXFileReference; explicitFileType = wrapper.application; includeInIndex = 0; path = synetech.app; sourceTree = BUILT_PRODUCTS_DIR; };
/* End PBXFileReference section */

/* Begin PBXFrameworksBuildPhase section */
		FFE9EBD327DCD86D00870BBA /* Frameworks */ = {
			isa = PBXFrameworksBuildPhase;
			buildActionMask = 2147483647;
			files = (
				FF3D70C027E0A577009DA80A /* SnapKit.xcframework in Frameworks */,
			);
			runOnlyForDeploymentPostprocessing = 0;
		};
/* End PBXFrameworksBuildPhase section */

/* Begin PBXGroup section */
		FF3D708F27E0A295009DA80A /* synetech */ = {
			isa = PBXGroup;
			children = (
				FF3D70BC27E0A52F009DA80A /* Info.plist */,
				FF3D70BA27E0A528009DA80A /* AppConstants.swift */,
				FF3D70B327E0A463009DA80A /* Services */,
				FF3D70AE27E0A444009DA80A /* MainDelegates */,
				FF3D70A527E0A3D3009DA80A /* DeviceListViewController */,
				FF3D70A027E0A381009DA80A /* Assets */,
				FF3D709827E0A331009DA80A /* Extensions */,
			);
			name = synetech;
			sourceTree = "<group>";
		};
		FF3D709827E0A331009DA80A /* Extensions */ = {
			isa = PBXGroup;
			children = (
				FF3D709A27E0A342009DA80A /* UIImage+Extension.swift */,
				FF3D709927E0A342009DA80A /* UIView+Extension.swift */,
			);
			path = Extensions;
			sourceTree = "<group>";
		};
		FF3D70A027E0A381009DA80A /* Assets */ = {
			isa = PBXGroup;
			children = (
				FF3D70A327E0A3A5009DA80A /* Assets.xcassets */,
				FF3D70A127E0A389009DA80A /* Asset.swift */,
			);
			name = Assets;
			sourceTree = "<group>";
		};
		FF3D70A527E0A3D3009DA80A /* DeviceListViewController */ = {
			isa = PBXGroup;
			children = (
				FF3D70A727E0A400009DA80A /* DeviceListTableViewManager.swift */,
				FF3D70A827E0A400009DA80A /* DeviceListView.swift */,
				FF3D70A627E0A400009DA80A /* DeviceListViewController.swift */,
				FF3D70A927E0A400009DA80A /* DeviceTableViewCell.swift */,
			);
			path = DeviceListViewController;
			sourceTree = "<group>";
		};
		FF3D70AE27E0A444009DA80A /* MainDelegates */ = {
			isa = PBXGroup;
			children = (
				FF3D70B027E0A45F009DA80A /* AppDelegate.swift */,
				FF3D70AF27E0A45F009DA80A /* SceneDelegate.swift */,
			);
			path = MainDelegates;
			sourceTree = "<group>";
		};
		FF3D70B327E0A463009DA80A /* Services */ = {
			isa = PBXGroup;
			children = (
				FF3D70B427E0A47A009DA80A /* DownloadDeviceListService.swift */,
				FF3D70B627E0A47A009DA80A /* GetPreviousDeviceListService.swift */,
				FF3D70B527E0A47A009DA80A /* SaveDeviceListService.swift */,
			);
			path = Services;
			sourceTree = "<group>";
		};
		FF3D70BE27E0A577009DA80A /* Frameworks */ = {
			isa = PBXGroup;
			children = (
				FF3D70BF27E0A577009DA80A /* SnapKit.xcframework */,
			);
			name = Frameworks;
			sourceTree = "<group>";
		};
		FFE9EBCD27DCD86D00870BBA = {
			isa = PBXGroup;
			children = (
				FF3D708927E0A242009DA80A /* Device.swift */,
				FF3D708F27E0A295009DA80A /* synetech */,
				FFE9EBD727DCD86D00870BBA /* Products */,
				FF3D70BE27E0A577009DA80A /* Frameworks */,
			);
			sourceTree = "<group>";
		};
		FFE9EBD727DCD86D00870BBA /* Products */ = {
			isa = PBXGroup;
			children = (
				FFE9EBD627DCD86D00870BBA /* synetech.app */,
			);
			name = Products;
			sourceTree = "<group>";
		};
/* End PBXGroup section */

/* Begin PBXNativeTarget section */
		FFE9EBD527DCD86D00870BBA /* synetech */ = {
			isa = PBXNativeTarget;
			buildConfigurationList = FFE9EBEA27DCD86D00870BBA /* Build configuration list for PBXNativeTarget "synetech" */;
			buildPhases = (
				FFE9EBD227DCD86D00870BBA /* Sources */,
				FFE9EBD327DCD86D00870BBA /* Frameworks */,
				FFE9EBD427DCD86D00870BBA /* Resources */,
				FF3D70C227E0A577009DA80A /* Embed Frameworks */,
			);
			buildRules = (
			);
			dependencies = (
			);
			name = synetech;
			productName = synetech;
			productReference = FFE9EBD627DCD86D00870BBA /* synetech.app */;
			productType = "com.apple.product-type.application";
		};
/* End PBXNativeTarget section */

/* Begin PBXProject section */
		FFE9EBCE27DCD86D00870BBA /* Project object */ = {
			isa = PBXProject;
			attributes = {
				BuildIndependentTargetsInParallel = 1;
				LastSwiftUpdateCheck = 1320;
				LastUpgradeCheck = 1320;
				TargetAttributes = {
					FFE9EBD527DCD86D00870BBA = {
						CreatedOnToolsVersion = 13.2.1;
						LastSwiftMigration = 1320;
					};
				};
			};
			buildConfigurationList = FFE9EBD127DCD86D00870BBA /* Build configuration list for PBXProject "synetech" */;
			compatibilityVersion = "Xcode 13.0";
			developmentRegion = en;
			hasScannedForEncodings = 0;
			knownRegions = (
				en,
				Base,
			);
			mainGroup = FFE9EBCD27DCD86D00870BBA;
			productRefGroup = FFE9EBD727DCD86D00870BBA /* Products */;
			projectDirPath = "";
			projectRoot = "";
			targets = (
				FFE9EBD527DCD86D00870BBA /* synetech */,
			);
		};
/* End PBXProject section */

/* Begin PBXResourcesBuildPhase section */
		FFE9EBD427DCD86D00870BBA /* Resources */ = {
			isa = PBXResourcesBuildPhase;
			buildActionMask = 2147483647;
			files = (
				FF3D70A427E0A3A5009DA80A /* Assets.xcassets in Resources */,
			);
			runOnlyForDeploymentPostprocessing = 0;
		};
/* End PBXResourcesBuildPhase section */

/* Begin PBXSourcesBuildPhase section */
		FFE9EBD227DCD86D00870BBA /* Sources */ = {
			isa = PBXSourcesBuildPhase;
			buildActionMask = 2147483647;
			files = (
				FF3D70B227E0A45F009DA80A /* AppDelegate.swift in Sources */,
				FF3D70B827E0A47A009DA80A /* SaveDeviceListService.swift in Sources */,
				FF3D70AB27E0A400009DA80A /* DeviceListTableViewManager.swift in Sources */,
				FF3D708A27E0A242009DA80A /* Device.swift in Sources */,
				FF3D709C27E0A342009DA80A /* UIImage+Extension.swift in Sources */,
				FF3D70AA27E0A400009DA80A /* DeviceListViewController.swift in Sources */,
				FF3D70AD27E0A400009DA80A /* DeviceTableViewCell.swift in Sources */,
				FF3D70B927E0A47A009DA80A /* GetPreviousDeviceListService.swift in Sources */,
				FF3D70B127E0A45F009DA80A /* SceneDelegate.swift in Sources */,
				FF3D70B727E0A47A009DA80A /* DownloadDeviceListService.swift in Sources */,
				FF3D70A227E0A389009DA80A /* Asset.swift in Sources */,
				FF3D70BB27E0A528009DA80A /* AppConstants.swift in Sources */,
				FF3D709B27E0A342009DA80A /* UIView+Extension.swift in Sources */,
				FF3D70AC27E0A400009DA80A /* DeviceListView.swift in Sources */,
			);
			runOnlyForDeploymentPostprocessing = 0;
		};
/* End PBXSourcesBuildPhase section */

/* Begin XCBuildConfiguration section */
		FFE9EBE827DCD86D00870BBA /* Debug */ = {
			isa = XCBuildConfiguration;
			buildSettings = {
				ALWAYS_SEARCH_USER_PATHS = NO;
				CLANG_ANALYZER_NONNULL = YES;
				CLANG_ANALYZER_NUMBER_OBJECT_CONVERSION = YES_AGGRESSIVE;
				CLANG_CXX_LANGUAGE_STANDARD = "gnu++17";
				CLANG_CXX_LIBRARY = "libc++";
				CLANG_ENABLE_MODULES = YES;
				CLANG_ENABLE_OBJC_ARC = YES;
				CLANG_ENABLE_OBJC_WEAK = YES;
				CLANG_WARN_BLOCK_CAPTURE_AUTORELEASING = YES;
				CLANG_WARN_BOOL_CONVERSION = YES;
				CLANG_WARN_COMMA = YES;
				CLANG_WARN_CONSTANT_CONVERSION = YES;
				CLANG_WARN_DEPRECATED_OBJC_IMPLEMENTATIONS = YES;
				CLANG_WARN_DIRECT_OBJC_ISA_USAGE = YES_ERROR;
				CLANG_WARN_DOCUMENTATION_COMMENTS = YES;
				CLANG_WARN_EMPTY_BODY = YES;
				CLANG_WARN_ENUM_CONVERSION = YES;
				CLANG_WARN_INFINITE_RECURSION = YES;
				CLANG_WARN_INT_CONVERSION = YES;
				CLANG_WARN_NON_LITERAL_NULL_CONVERSION = YES;
				CLANG_WARN_OBJC_IMPLICIT_RETAIN_SELF = YES;
				CLANG_WARN_OBJC_LITERAL_CONVERSION = YES;
				CLANG_WARN_OBJC_ROOT_CLASS = YES_ERROR;
				CLANG_WARN_QUOTED_INCLUDE_IN_FRAMEWORK_HEADER = YES;
				CLANG_WARN_RANGE_LOOP_ANALYSIS = YES;
				CLANG_WARN_STRICT_PROTOTYPES = YES;
				CLANG_WARN_SUSPICIOUS_MOVE = YES;
				CLANG_WARN_UNGUARDED_AVAILABILITY = YES_AGGRESSIVE;
				CLANG_WARN_UNREACHABLE_CODE = YES;
				CLANG_WARN__DUPLICATE_METHOD_MATCH = YES;
				COPY_PHASE_STRIP = NO;
				DEBUG_INFORMATION_FORMAT = dwarf;
				ENABLE_STRICT_OBJC_MSGSEND = YES;
				ENABLE_TESTABILITY = YES;
				GCC_C_LANGUAGE_STANDARD = gnu11;
				GCC_DYNAMIC_NO_PIC = NO;
				GCC_NO_COMMON_BLOCKS = YES;
				GCC_OPTIMIZATION_LEVEL = 0;
				GCC_PREPROCESSOR_DEFINITIONS = (
					"DEBUG=1",
					"$(inherited)",
				);
				GCC_WARN_64_TO_32_BIT_CONVERSION = YES;
				GCC_WARN_ABOUT_RETURN_TYPE = YES_ERROR;
				GCC_WARN_UNDECLARED_SELECTOR = YES;
				GCC_WARN_UNINITIALIZED_AUTOS = YES_AGGRESSIVE;
				GCC_WARN_UNUSED_FUNCTION = YES;
				GCC_WARN_UNUSED_VARIABLE = YES;
				IPHONEOS_DEPLOYMENT_TARGET = 15.2;
				MTL_ENABLE_DEBUG_INFO = INCLUDE_SOURCE;
				MTL_FAST_MATH = YES;
				ONLY_ACTIVE_ARCH = YES;
				SDKROOT = iphoneos;
				SWIFT_ACTIVE_COMPILATION_CONDITIONS = DEBUG;
				SWIFT_OPTIMIZATION_LEVEL = "-Onone";
			};
			name = Debug;
		};
		FFE9EBE927DCD86D00870BBA /* Release */ = {
			isa = XCBuildConfiguration;
			buildSettings = {
				ALWAYS_SEARCH_USER_PATHS = NO;
				CLANG_ANALYZER_NONNULL = YES;
				CLANG_ANALYZER_NUMBER_OBJECT_CONVERSION = YES_AGGRESSIVE;
				CLANG_CXX_LANGUAGE_STANDARD = "gnu++17";
				CLANG_CXX_LIBRARY = "libc++";
				CLANG_ENABLE_MODULES = YES;
				CLANG_ENABLE_OBJC_ARC = YES;
				CLANG_ENABLE_OBJC_WEAK = YES;
				CLANG_WARN_BLOCK_CAPTURE_AUTORELEASING = YES;
				CLANG_WARN_BOOL_CONVERSION = YES;
				CLANG_WARN_COMMA = YES;
				CLANG_WARN_CONSTANT_CONVERSION = YES;
				CLANG_WARN_DEPRECATED_OBJC_IMPLEMENTATIONS = YES;
				CLANG_WARN_DIRECT_OBJC_ISA_USAGE = YES_ERROR;
				CLANG_WARN_DOCUMENTATION_COMMENTS = YES;
				CLANG_WARN_EMPTY_BODY = YES;
				CLANG_WARN_ENUM_CONVERSION = YES;
				CLANG_WARN_INFINITE_RECURSION = YES;
				CLANG_WARN_INT_CONVERSION = YES;
				CLANG_WARN_NON_LITERAL_NULL_CONVERSION = YES;
				CLANG_WARN_OBJC_IMPLICIT_RETAIN_SELF = YES;
				CLANG_WARN_OBJC_LITERAL_CONVERSION = YES;
				CLANG_WARN_OBJC_ROOT_CLASS = YES_ERROR;
				CLANG_WARN_QUOTED_INCLUDE_IN_FRAMEWORK_HEADER = YES;
				CLANG_WARN_RANGE_LOOP_ANALYSIS = YES;
				CLANG_WARN_STRICT_PROTOTYPES = YES;
				CLANG_WARN_SUSPICIOUS_MOVE = YES;
				CLANG_WARN_UNGUARDED_AVAILABILITY = YES_AGGRESSIVE;
				CLANG_WARN_UNREACHABLE_CODE = YES;
				CLANG_WARN__DUPLICATE_METHOD_MATCH = YES;
				COPY_PHASE_STRIP = NO;
				DEBUG_INFORMATION_FORMAT = "dwarf-with-dsym";
				ENABLE_NS_ASSERTIONS = NO;
				ENABLE_STRICT_OBJC_MSGSEND = YES;
				GCC_C_LANGUAGE_STANDARD = gnu11;
				GCC_NO_COMMON_BLOCKS = YES;
				GCC_WARN_64_TO_32_BIT_CONVERSION = YES;
				GCC_WARN_ABOUT_RETURN_TYPE = YES_ERROR;
				GCC_WARN_UNDECLARED_SELECTOR = YES;
				GCC_WARN_UNINITIALIZED_AUTOS = YES_AGGRESSIVE;
				GCC_WARN_UNUSED_FUNCTION = YES;
				GCC_WARN_UNUSED_VARIABLE = YES;
				IPHONEOS_DEPLOYMENT_TARGET = 15.2;
				MTL_ENABLE_DEBUG_INFO = NO;
				MTL_FAST_MATH = YES;
				SDKROOT = iphoneos;
				SWIFT_COMPILATION_MODE = wholemodule;
				SWIFT_OPTIMIZATION_LEVEL = "-O";
				VALIDATE_PRODUCT = YES;
			};
			name = Release;
		};
		FFE9EBEB27DCD86D00870BBA /* Debug */ = {
			isa = XCBuildConfiguration;
			buildSettings = {
				ASSETCATALOG_COMPILER_APPICON_NAME = AppIcon;
				ASSETCATALOG_COMPILER_GLOBAL_ACCENT_COLOR_NAME = AccentColor;
				CLANG_ENABLE_MODULES = YES;
				CODE_SIGN_STYLE = Automatic;
				CURRENT_PROJECT_VERSION = 1;
				DEVELOPMENT_TEAM = 692WP484NX;
				GENERATE_INFOPLIST_FILE = YES;
				INFOPLIST_FILE = synetech/Info.plist;
				INFOPLIST_KEY_UIApplicationSupportsIndirectInputEvents = YES;
				INFOPLIST_KEY_UILaunchStoryboardName = LaunchScreen;
				INFOPLIST_KEY_UIMainStoryboardFile = Main;
				INFOPLIST_KEY_UISupportedInterfaceOrientations_iPad = "UIInterfaceOrientationPortrait UIInterfaceOrientationPortraitUpsideDown UIInterfaceOrientationLandscapeLeft UIInterfaceOrientationLandscapeRight";
				INFOPLIST_KEY_UISupportedInterfaceOrientations_iPhone = "UIInterfaceOrientationPortrait UIInterfaceOrientationLandscapeLeft UIInterfaceOrientationLandscapeRight";
				LD_RUNPATH_SEARCH_PATHS = (
					"$(inherited)",
					"@executable_path/Frameworks",
				);
				MARKETING_VERSION = 1.0;
				PRODUCT_BUNDLE_IDENTIFIER = cz.patrikhora.synetech;
				PRODUCT_NAME = "$(TARGET_NAME)";
				SWIFT_EMIT_LOC_STRINGS = YES;
				SWIFT_OPTIMIZATION_LEVEL = "-Onone";
				SWIFT_VERSION = 5.0;
				TARGETED_DEVICE_FAMILY = "1,2";
			};
			name = Debug;
		};
		FFE9EBEC27DCD86D00870BBA /* Release */ = {
			isa = XCBuildConfiguration;
			buildSettings = {
				ASSETCATALOG_COMPILER_APPICON_NAME = AppIcon;
				ASSETCATALOG_COMPILER_GLOBAL_ACCENT_COLOR_NAME = AccentColor;
				CLANG_ENABLE_MODULES = YES;
				CODE_SIGN_STYLE = Automatic;
				CURRENT_PROJECT_VERSION = 1;
				DEVELOPMENT_TEAM = 692WP484NX;
				GENERATE_INFOPLIST_FILE = YES;
				INFOPLIST_FILE = synetech/Info.plist;
				INFOPLIST_KEY_UIApplicationSupportsIndirectInputEvents = YES;
				INFOPLIST_KEY_UILaunchStoryboardName = LaunchScreen;
				INFOPLIST_KEY_UIMainStoryboardFile = Main;
				INFOPLIST_KEY_UISupportedInterfaceOrientations_iPad = "UIInterfaceOrientationPortrait UIInterfaceOrientationPortraitUpsideDown UIInterfaceOrientationLandscapeLeft UIInterfaceOrientationLandscapeRight";
				INFOPLIST_KEY_UISupportedInterfaceOrientations_iPhone = "UIInterfaceOrientationPortrait UIInterfaceOrientationLandscapeLeft UIInterfaceOrientationLandscapeRight";
				LD_RUNPATH_SEARCH_PATHS = (
					"$(inherited)",
					"@executable_path/Frameworks",
				);
				MARKETING_VERSION = 1.0;
				PRODUCT_BUNDLE_IDENTIFIER = cz.patrikhora.synetech;
				PRODUCT_NAME = "$(TARGET_NAME)";
				SWIFT_EMIT_LOC_STRINGS = YES;
				SWIFT_VERSION = 5.0;
				TARGETED_DEVICE_FAMILY = "1,2";
			};
			name = Release;
		};
/* End XCBuildConfiguration section */

/* Begin XCConfigurationList section */
		FFE9EBD127DCD86D00870BBA /* Build configuration list for PBXProject "synetech" */ = {
			isa = XCConfigurationList;
			buildConfigurations = (
				FFE9EBE827DCD86D00870BBA /* Debug */,
				FFE9EBE927DCD86D00870BBA /* Release */,
			);
			defaultConfigurationIsVisible = 0;
			defaultConfigurationName = Release;
		};
		FFE9EBEA27DCD86D00870BBA /* Build configuration list for PBXNativeTarget "synetech" */ = {
			isa = XCConfigurationList;
			buildConfigurations = (
				FFE9EBEB27DCD86D00870BBA /* Debug */,
				FFE9EBEC27DCD86D00870BBA /* Release */,
			);
			defaultConfigurationIsVisible = 0;
			defaultConfigurationName = Release;
		};
/* End XCConfigurationList section */
	};
	rootObject = FFE9EBCE27DCD86D00870BBA /* Project object */;
}
